
Microsoft Visual Studio Solution File, Format Version 12.00
# Visual Studio Version 17
VisualStudioVersion = 17.14.35906.104 d17.14
MinimumVisualStudioVersion = 10.0.40219.1
Project("{FAE04EC0-301F-11D3-BF4B-00C04F79EFBC}") = "tpmodul5_103022300146", "tpmodul5_103022300146.csproj", "{AB892244-C79A-4BFF-9146-C65F2A4F5F7C}"
EndProject
Global
	GlobalSection(SolutionConfigurationPlatforms) = preSolution
		Debug|Any CPU = Debug|Any CPU
		Release|Any CPU = Release|Any CPU
	EndGlobalSection
	GlobalSection(ProjectConfigurationPlatforms) = postSolution
		{AB892244-C79A-4BFF-9146-C65F2A4F5F7C}.Debug|Any CPU.ActiveCfg = Debug|Any CPU
		{AB892244-C79A-4BFF-9146-C65F2A4F5F7C}.Debug|Any CPU.Build.0 = Debug|Any CPU
		{AB892244-C79A-4BFF-9146-C65F2A4F5F7C}.Release|Any CPU.ActiveCfg = Release|Any CPU
		{AB892244-C79A-4BFF-9146-C65F2A4F5F7C}.Release|Any CPU.Build.0 = Release|Any CPU
	EndGlobalSection
	GlobalSection(SolutionProperties) = preSolution
		HideSolutionNode = FALSE
	EndGlobalSection
	GlobalSection(ExtensibilityGlobals) = postSolution
		SolutionGuid = {175E08B1-8086-4ED0-822C-E92DA7A6F2EA}
	EndGlobalSection
EndGlobal
